
Microsoft Visual Studio Solution File, Format Version 12.00
# Visual Studio Version 17
VisualStudioVersion = 17.2.32519.379
MinimumVisualStudioVersion = 10.0.40219.1
Project("{2150E333-8FDC-42A3-9474-1A3956D46DE8}") = "Exercises", "Exercises", "{48D60D27-4E8E-4356-879D-C1E06215441B}"
EndProject
Project("{2150E333-8FDC-42A3-9474-1A3956D46DE8}") = "Assessments", "Assessments", "{60708161-F1DA-47D6-946E-9E4F5D42F890}"
EndProject
Project("{2150E333-8FDC-42A3-9474-1A3956D46DE8}") = "Walkthroughs", "Walkthroughs", "{84CDB5A0-D5FF-45D1-8C3B-C3695696CDC2}"
EndProject
Project("{9A19103F-16F7-4668-BE54-9A1E7A4F7556}") = "AIE_00_RaylibStarter", "Walkthroughs\AIE_00_RaylibStarter\AIE_00_RaylibStarter.csproj", "{1ABE186F-6C4C-4F62-B20F-333BDFB8EB8C}"
EndProject
Project("{2150E333-8FDC-42A3-9474-1A3956D46DE8}") = "Task 1 - Introductory Exercises", "Task 1 - Introductory Exercises", "{D8D204FE-EA87-4A56-9707-F46BF2456F47}"
EndProject
Project("{2150E333-8FDC-42A3-9474-1A3956D46DE8}") = "Task 2 - Array Exercises", "Task 2 - Array Exercises", "{F0CF1B20-8AEA-49B7-A684-76FC9583E381}"
EndProject
Project("{2150E333-8FDC-42A3-9474-1A3956D46DE8}") = "Task 3 - File IO", "Task 3 - File IO", "{FC3D862A-FB6B-4EAF-9C27-FDFD27870BFB}"
EndProject
Project("{2150E333-8FDC-42A3-9474-1A3956D46DE8}") = "Task 4 - Classes Exercises", "Task 4 - Classes Exercises", "{C0E7D2B8-BFBA-4CD5-B7D6-A2FEA6891F98}"
EndProject
Project("{9A19103F-16F7-4668-BE54-9A1E7A4F7556}") = "AIE_01_AddTwoNumbers", "Assessments\Task 1 - Introductory Exercises\AIE_01_AddTwoNumbers\AIE_01_AddTwoNumbers.csproj", "{C9C23F04-040C-4CA5-B4FD-03796F7E25BB}"
EndProject
Project("{9A19103F-16F7-4668-BE54-9A1E7A4F7556}") = "AIE_02_Fibonacci", "Assessments\Task 1 - Introductory Exercises\AIE_02_Fibonacci\AIE_02_Fibonacci.csproj", "{BE6367E2-5850-4A71-8CE2-801BDA6B3143}"
EndProject
Project("{9A19103F-16F7-4668-BE54-9A1E7A4F7556}") = "AIE_03_FizzBuzz", "Assessments\Task 1 - Introductory Exercises\AIE_03_FizzBuzz\AIE_03_FizzBuzz.csproj", "{4A4AB84F-F363-4346-A67F-E9FE05A2B52F}"
EndProject
Project("{9A19103F-16F7-4668-BE54-9A1E7A4F7556}") = "AIE_04_SumOfArray", "Assessments\Task 2 - Array Exercises\AIE_04_SumOfArray\AIE_04_SumOfArray.csproj", "{17CE9BDE-93EB-45DE-A1B3-0D045A06658E}"
EndProject
Project("{9A19103F-16F7-4668-BE54-9A1E7A4F7556}") = "AIE_05_SortArray", "Assessments\Task 2 - Array Exercises\AIE_05_SortArray\AIE_05_SortArray.csproj", "{2DE2C40A-CC12-4BDE-8C5A-2C59BC2DE5A5}"
EndProject
Project("{9A19103F-16F7-4668-BE54-9A1E7A4F7556}") = "AIE_06_AlphabetiseFile", "Assessments\Task 3 - File IO\AIE_06_AlphabetiseFile\AIE_06_AlphabetiseFile.csproj", "{9F5F775E-C95F-418E-B73B-CCEB4EE77BCA}"
EndProject
Project("{9A19103F-16F7-4668-BE54-9A1E7A4F7556}") = "AIE_07_Greetings", "Assessments\Task 4 - Classes Exercises\AIE_07_Greetings\AIE_07_Greetings.csproj", "{B80131FF-016C-4350-B4B1-8BB15F483D88}"
EndProject
Project("{2150E333-8FDC-42A3-9474-1A3956D46DE8}") = "Week 1", "Week 1", "{8033C951-6E7C-4513-B6CE-E2271788027A}"
EndProject
Project("{2150E333-8FDC-42A3-9474-1A3956D46DE8}") = "Week 2", "Week 2", "{FDEEFBF7-7753-4BB3-B76A-BEBDB3FC2E64}"
EndProject
Project("{2150E333-8FDC-42A3-9474-1A3956D46DE8}") = "Week 3", "Week 3", "{DFA7DC5D-4149-4078-BC28-44B2503D84A3}"
EndProject
Project("{2150E333-8FDC-42A3-9474-1A3956D46DE8}") = "Week 4", "Week 4", "{94A63FCE-99D0-48F2-B20E-35E820D62DAD}"
EndProject
Project("{9A19103F-16F7-4668-BE54-9A1E7A4F7556}") = "AIE_08_AdventureGame", "Assessments\Task 4 - Classes Exercises\AIE_08_AdventureGame\AIE_08_AdventureGame.csproj", "{F5F1F546-2238-4BA8-8E6C-F602FEDC8869}"
EndProject
Project("{FAE04EC0-301F-11D3-BF4B-00C04F79EFBC}") = "AIE01_FortuneTeller", "Exercises\Week 1\AIE01_FortuneTeller\AIE01_FortuneTeller.csproj", "{899A5263-447E-4822-BB99-7E6BEAF3CA5B}"
EndProject
Project("{FAE04EC0-301F-11D3-BF4B-00C04F79EFBC}") = "AIE02_AgeCalculator", "Exercises\Week 1\AIE02_AgeCalculator\AIE02_AgeCalculator.csproj", "{8499E324-46A7-48CF-B512-E22B21DE96A1}"
EndProject
Project("{FAE04EC0-301F-11D3-BF4B-00C04F79EFBC}") = "AIE03_CircleCalculator", "Exercises\Week 1\AIE03_CircleCalculator\AIE03_CircleCalculator.csproj", "{6578CFBB-5158-411C-B8B8-9CBF05AD7570}"
EndProject
Project("{FAE04EC0-301F-11D3-BF4B-00C04F79EFBC}") = "AIE04_TemperatureCalculator", "Exercises\Week 1\AIE04_TemperatureCalculator\AIE04_TemperatureCalculator.csproj", "{49E22FCF-4A5E-4965-8556-A010842161BD}"
EndProject
Global
	GlobalSection(SolutionConfigurationPlatforms) = preSolution
		Debug|Any CPU = Debug|Any CPU
		Release|Any CPU = Release|Any CPU
	EndGlobalSection
	GlobalSection(ProjectConfigurationPlatforms) = postSolution
		{1ABE186F-6C4C-4F62-B20F-333BDFB8EB8C}.Debug|Any CPU.ActiveCfg = Debug|Any CPU
		{1ABE186F-6C4C-4F62-B20F-333BDFB8EB8C}.Debug|Any CPU.Build.0 = Debug|Any CPU
		{1ABE186F-6C4C-4F62-B20F-333BDFB8EB8C}.Release|Any CPU.ActiveCfg = Release|Any CPU
		{1ABE186F-6C4C-4F62-B20F-333BDFB8EB8C}.Release|Any CPU.Build.0 = Release|Any CPU
		{C9C23F04-040C-4CA5-B4FD-03796F7E25BB}.Debug|Any CPU.ActiveCfg = Debug|Any CPU
		{C9C23F04-040C-4CA5-B4FD-03796F7E25BB}.Debug|Any CPU.Build.0 = Debug|Any CPU
		{C9C23F04-040C-4CA5-B4FD-03796F7E25BB}.Release|Any CPU.ActiveCfg = Release|Any CPU
		{C9C23F04-040C-4CA5-B4FD-03796F7E25BB}.Release|Any CPU.Build.0 = Release|Any CPU
		{BE6367E2-5850-4A71-8CE2-801BDA6B3143}.Debug|Any CPU.ActiveCfg = Debug|Any CPU
		{BE6367E2-5850-4A71-8CE2-801BDA6B3143}.Debug|Any CPU.Build.0 = Debug|Any CPU
		{BE6367E2-5850-4A71-8CE2-801BDA6B3143}.Release|Any CPU.ActiveCfg = Release|Any CPU
		{BE6367E2-5850-4A71-8CE2-801BDA6B3143}.Release|Any CPU.Build.0 = Release|Any CPU
		{4A4AB84F-F363-4346-A67F-E9FE05A2B52F}.Debug|Any CPU.ActiveCfg = Debug|Any CPU
		{4A4AB84F-F363-4346-A67F-E9FE05A2B52F}.Debug|Any CPU.Build.0 = Debug|Any CPU
		{4A4AB84F-F363-4346-A67F-E9FE05A2B52F}.Release|Any CPU.ActiveCfg = Release|Any CPU
		{4A4AB84F-F363-4346-A67F-E9FE05A2B52F}.Release|Any CPU.Build.0 = Release|Any CPU
		{17CE9BDE-93EB-45DE-A1B3-0D045A06658E}.Debug|Any CPU.ActiveCfg = Debug|Any CPU
		{17CE9BDE-93EB-45DE-A1B3-0D045A06658E}.Debug|Any CPU.Build.0 = Debug|Any CPU
		{17CE9BDE-93EB-45DE-A1B3-0D045A06658E}.Release|Any CPU.ActiveCfg = Release|Any CPU
		{17CE9BDE-93EB-45DE-A1B3-0D045A06658E}.Release|Any CPU.Build.0 = Release|Any CPU
		{2DE2C40A-CC12-4BDE-8C5A-2C59BC2DE5A5}.Debug|Any CPU.ActiveCfg = Debug|Any CPU
		{2DE2C40A-CC12-4BDE-8C5A-2C59BC2DE5A5}.Debug|Any CPU.Build.0 = Debug|Any CPU
		{2DE2C40A-CC12-4BDE-8C5A-2C59BC2DE5A5}.Release|Any CPU.ActiveCfg = Release|Any CPU
		{2DE2C40A-CC12-4BDE-8C5A-2C59BC2DE5A5}.Release|Any CPU.Build.0 = Release|Any CPU
		{9F5F775E-C95F-418E-B73B-CCEB4EE77BCA}.Debug|Any CPU.ActiveCfg = Debug|Any CPU
		{9F5F775E-C95F-418E-B73B-CCEB4EE77BCA}.Debug|Any CPU.Build.0 = Debug|Any CPU
		{9F5F775E-C95F-418E-B73B-CCEB4EE77BCA}.Release|Any CPU.ActiveCfg = Release|Any CPU
		{9F5F775E-C95F-418E-B73B-CCEB4EE77BCA}.Release|Any CPU.Build.0 = Release|Any CPU
		{B80131FF-016C-4350-B4B1-8BB15F483D88}.Debug|Any CPU.ActiveCfg = Debug|Any CPU
		{B80131FF-016C-4350-B4B1-8BB15F483D88}.Debug|Any CPU.Build.0 = Debug|Any CPU
		{B80131FF-016C-4350-B4B1-8BB15F483D88}.Release|Any CPU.ActiveCfg = Release|Any CPU
		{B80131FF-016C-4350-B4B1-8BB15F483D88}.Release|Any CPU.Build.0 = Release|Any CPU
		{F5F1F546-2238-4BA8-8E6C-F602FEDC8869}.Debug|Any CPU.ActiveCfg = Debug|Any CPU
		{F5F1F546-2238-4BA8-8E6C-F602FEDC8869}.Debug|Any CPU.Build.0 = Debug|Any CPU
		{F5F1F546-2238-4BA8-8E6C-F602FEDC8869}.Release|Any CPU.ActiveCfg = Release|Any CPU
		{F5F1F546-2238-4BA8-8E6C-F602FEDC8869}.Release|Any CPU.Build.0 = Release|Any CPU
		{899A5263-447E-4822-BB99-7E6BEAF3CA5B}.Debug|Any CPU.ActiveCfg = Debug|Any CPU
		{899A5263-447E-4822-BB99-7E6BEAF3CA5B}.Debug|Any CPU.Build.0 = Debug|Any CPU
		{899A5263-447E-4822-BB99-7E6BEAF3CA5B}.Release|Any CPU.ActiveCfg = Release|Any CPU
		{899A5263-447E-4822-BB99-7E6BEAF3CA5B}.Release|Any CPU.Build.0 = Release|Any CPU
		{8499E324-46A7-48CF-B512-E22B21DE96A1}.Debug|Any CPU.ActiveCfg = Debug|Any CPU
		{8499E324-46A7-48CF-B512-E22B21DE96A1}.Debug|Any CPU.Build.0 = Debug|Any CPU
		{8499E324-46A7-48CF-B512-E22B21DE96A1}.Release|Any CPU.ActiveCfg = Release|Any CPU
		{8499E324-46A7-48CF-B512-E22B21DE96A1}.Release|Any CPU.Build.0 = Release|Any CPU
		{6578CFBB-5158-411C-B8B8-9CBF05AD7570}.Debug|Any CPU.ActiveCfg = Debug|Any CPU
		{6578CFBB-5158-411C-B8B8-9CBF05AD7570}.Debug|Any CPU.Build.0 = Debug|Any CPU
		{6578CFBB-5158-411C-B8B8-9CBF05AD7570}.Release|Any CPU.ActiveCfg = Release|Any CPU
		{6578CFBB-5158-411C-B8B8-9CBF05AD7570}.Release|Any CPU.Build.0 = Release|Any CPU
		{49E22FCF-4A5E-4965-8556-A010842161BD}.Debug|Any CPU.ActiveCfg = Debug|Any CPU
		{49E22FCF-4A5E-4965-8556-A010842161BD}.Debug|Any CPU.Build.0 = Debug|Any CPU
		{49E22FCF-4A5E-4965-8556-A010842161BD}.Release|Any CPU.ActiveCfg = Release|Any CPU
		{49E22FCF-4A5E-4965-8556-A010842161BD}.Release|Any CPU.Build.0 = Release|Any CPU
	EndGlobalSection
	GlobalSection(SolutionProperties) = preSolution
		HideSolutionNode = FALSE
	EndGlobalSection
	GlobalSection(NestedProjects) = preSolution
		{1ABE186F-6C4C-4F62-B20F-333BDFB8EB8C} = {84CDB5A0-D5FF-45D1-8C3B-C3695696CDC2}
		{D8D204FE-EA87-4A56-9707-F46BF2456F47} = {60708161-F1DA-47D6-946E-9E4F5D42F890}
		{F0CF1B20-8AEA-49B7-A684-76FC9583E381} = {60708161-F1DA-47D6-946E-9E4F5D42F890}
		{FC3D862A-FB6B-4EAF-9C27-FDFD27870BFB} = {60708161-F1DA-47D6-946E-9E4F5D42F890}
		{C0E7D2B8-BFBA-4CD5-B7D6-A2FEA6891F98} = {60708161-F1DA-47D6-946E-9E4F5D42F890}
		{C9C23F04-040C-4CA5-B4FD-03796F7E25BB} = {D8D204FE-EA87-4A56-9707-F46BF2456F47}
		{BE6367E2-5850-4A71-8CE2-801BDA6B3143} = {D8D204FE-EA87-4A56-9707-F46BF2456F47}
		{4A4AB84F-F363-4346-A67F-E9FE05A2B52F} = {D8D204FE-EA87-4A56-9707-F46BF2456F47}
		{17CE9BDE-93EB-45DE-A1B3-0D045A06658E} = {F0CF1B20-8AEA-49B7-A684-76FC9583E381}
		{2DE2C40A-CC12-4BDE-8C5A-2C59BC2DE5A5} = {F0CF1B20-8AEA-49B7-A684-76FC9583E381}
		{9F5F775E-C95F-418E-B73B-CCEB4EE77BCA} = {FC3D862A-FB6B-4EAF-9C27-FDFD27870BFB}
		{B80131FF-016C-4350-B4B1-8BB15F483D88} = {C0E7D2B8-BFBA-4CD5-B7D6-A2FEA6891F98}
		{8033C951-6E7C-4513-B6CE-E2271788027A} = {48D60D27-4E8E-4356-879D-C1E06215441B}
		{FDEEFBF7-7753-4BB3-B76A-BEBDB3FC2E64} = {48D60D27-4E8E-4356-879D-C1E06215441B}
		{DFA7DC5D-4149-4078-BC28-44B2503D84A3} = {48D60D27-4E8E-4356-879D-C1E06215441B}
		{94A63FCE-99D0-48F2-B20E-35E820D62DAD} = {48D60D27-4E8E-4356-879D-C1E06215441B}
		{F5F1F546-2238-4BA8-8E6C-F602FEDC8869} = {C0E7D2B8-BFBA-4CD5-B7D6-A2FEA6891F98}
		{899A5263-447E-4822-BB99-7E6BEAF3CA5B} = {8033C951-6E7C-4513-B6CE-E2271788027A}
		{8499E324-46A7-48CF-B512-E22B21DE96A1} = {8033C951-6E7C-4513-B6CE-E2271788027A}
		{6578CFBB-5158-411C-B8B8-9CBF05AD7570} = {8033C951-6E7C-4513-B6CE-E2271788027A}
		{49E22FCF-4A5E-4965-8556-A010842161BD} = {8033C951-6E7C-4513-B6CE-E2271788027A}
	EndGlobalSection
	GlobalSection(ExtensibilityGlobals) = postSolution
		SolutionGuid = {59D3BE27-777D-4580-A89B-35B4CBDC4AE0}
	EndGlobalSection
EndGlobal
