
Microsoft Visual Studio Solution File, Format Version 12.00
# Visual Studio Version 17
VisualStudioVersion = 17.2.32519.379
MinimumVisualStudioVersion = 10.0.40219.1
Project("{2150E333-8FDC-42A3-9474-1A3956D46DE8}") = "Exercises", "Exercises", "{48D60D27-4E8E-4356-879D-C1E06215441B}"
EndProject
Project("{2150E333-8FDC-42A3-9474-1A3956D46DE8}") = "Assessments", "Assessments", "{60708161-F1DA-47D6-946E-9E4F5D42F890}"
EndProject
Project("{2150E333-8FDC-42A3-9474-1A3956D46DE8}") = "Walkthroughs", "Walkthroughs", "{84CDB5A0-D5FF-45D1-8C3B-C3695696CDC2}"
EndProject
Project("{9A19103F-16F7-4668-BE54-9A1E7A4F7556}") = "AIE_00_RaylibStarter", "Walkthroughs\AIE_00_RaylibStarter\AIE_00_RaylibStarter.csproj", "{1ABE186F-6C4C-4F62-B20F-333BDFB8EB8C}"
EndProject
Project("{2150E333-8FDC-42A3-9474-1A3956D46DE8}") = "Task 1 - Introductory Exercises", "Task 1 - Introductory Exercises", "{D8D204FE-EA87-4A56-9707-F46BF2456F47}"
EndProject
Project("{2150E333-8FDC-42A3-9474-1A3956D46DE8}") = "Task 2 - Array Exercises", "Task 2 - Array Exercises", "{F0CF1B20-8AEA-49B7-A684-76FC9583E381}"
EndProject
Project("{2150E333-8FDC-42A3-9474-1A3956D46DE8}") = "Task 3 - File IO", "Task 3 - File IO", "{FC3D862A-FB6B-4EAF-9C27-FDFD27870BFB}"
EndProject
Project("{2150E333-8FDC-42A3-9474-1A3956D46DE8}") = "Task 4 - Classes Exercises", "Task 4 - Classes Exercises", "{C0E7D2B8-BFBA-4CD5-B7D6-A2FEA6891F98}"
EndProject
Project("{9A19103F-16F7-4668-BE54-9A1E7A4F7556}") = "AIE_01_AddTwoNumbers", "Assessments\Task 1 - Introductory Exercises\AIE_01_AddTwoNumbers\AIE_01_AddTwoNumbers.csproj", "{C9C23F04-040C-4CA5-B4FD-03796F7E25BB}"
EndProject
Project("{9A19103F-16F7-4668-BE54-9A1E7A4F7556}") = "AIE_02_Fibonacci", "Assessments\Task 1 - Introductory Exercises\AIE_02_Fibonacci\AIE_02_Fibonacci.csproj", "{BE6367E2-5850-4A71-8CE2-801BDA6B3143}"
EndProject
Project("{9A19103F-16F7-4668-BE54-9A1E7A4F7556}") = "AIE_03_FizzBuzz", "Assessments\Task 1 - Introductory Exercises\AIE_03_FizzBuzz\AIE_03_FizzBuzz.csproj", "{4A4AB84F-F363-4346-A67F-E9FE05A2B52F}"
EndProject
Project("{9A19103F-16F7-4668-BE54-9A1E7A4F7556}") = "AIE_04_SumOfArray", "Assessments\Task 2 - Array Exercises\AIE_04_SumOfArray\AIE_04_SumOfArray.csproj", "{17CE9BDE-93EB-45DE-A1B3-0D045A06658E}"
EndProject
Project("{9A19103F-16F7-4668-BE54-9A1E7A4F7556}") = "AIE_05_SortArray", "Assessments\Task 2 - Array Exercises\AIE_05_SortArray\AIE_05_SortArray.csproj", "{2DE2C40A-CC12-4BDE-8C5A-2C59BC2DE5A5}"
EndProject
Project("{9A19103F-16F7-4668-BE54-9A1E7A4F7556}") = "AIE_06_AlphabetiseFile", "Assessments\Task 3 - File IO\AIE_06_AlphabetiseFile\AIE_06_AlphabetiseFile.csproj", "{9F5F775E-C95F-418E-B73B-CCEB4EE77BCA}"
EndProject
Project("{9A19103F-16F7-4668-BE54-9A1E7A4F7556}") = "AIE_07_Greetings", "Assessments\Task 4 - Classes Exercises\AIE_07_Greetings\AIE_07_Greetings.csproj", "{B80131FF-016C-4350-B4B1-8BB15F483D88}"
EndProject
Project("{2150E333-8FDC-42A3-9474-1A3956D46DE8}") = "Week 1", "Week 1", "{8033C951-6E7C-4513-B6CE-E2271788027A}"
EndProject
Project("{2150E333-8FDC-42A3-9474-1A3956D46DE8}") = "Week 2", "Week 2", "{FDEEFBF7-7753-4BB3-B76A-BEBDB3FC2E64}"
EndProject
Project("{2150E333-8FDC-42A3-9474-1A3956D46DE8}") = "Week 3", "Week 3", "{DFA7DC5D-4149-4078-BC28-44B2503D84A3}"
EndProject
Project("{2150E333-8FDC-42A3-9474-1A3956D46DE8}") = "Week 4", "Week 4", "{94A63FCE-99D0-48F2-B20E-35E820D62DAD}"
EndProject
Project("{9A19103F-16F7-4668-BE54-9A1E7A4F7556}") = "AIE_08_AdventureGame", "Assessments\Task 4 - Classes Exercises\AIE_08_AdventureGame\AIE_08_AdventureGame.csproj", "{F5F1F546-2238-4BA8-8E6C-F602FEDC8869}"
EndProject
Project("{9A19103F-16F7-4668-BE54-9A1E7A4F7556}") = "AIE01_FortuneTeller", "Exercises\Week 1\AIE01_FortuneTeller\AIE01_FortuneTeller.csproj", "{899A5263-447E-4822-BB99-7E6BEAF3CA5B}"
EndProject
Project("{9A19103F-16F7-4668-BE54-9A1E7A4F7556}") = "AIE02_AgeCalculator", "Exercises\Week 1\AIE02_AgeCalculator\AIE02_AgeCalculator.csproj", "{8499E324-46A7-48CF-B512-E22B21DE96A1}"
EndProject
Project("{9A19103F-16F7-4668-BE54-9A1E7A4F7556}") = "AIE03_CircleCalculator", "Exercises\Week 1\AIE03_CircleCalculator\AIE03_CircleCalculator.csproj", "{6578CFBB-5158-411C-B8B8-9CBF05AD7570}"
EndProject
Project("{9A19103F-16F7-4668-BE54-9A1E7A4F7556}") = "AIE04_TemperatureCalculator", "Exercises\Week 1\AIE04_TemperatureCalculator\AIE04_TemperatureCalculator.csproj", "{49E22FCF-4A5E-4965-8556-A010842161BD}"
EndProject
Project("{9A19103F-16F7-4668-BE54-9A1E7A4F7556}") = "AIE05_HighLow", "Exercises\Week 1\AIE05_HighLow\AIE05_HighLow.csproj", "{F47F7C37-4846-4162-8975-ECAFB5AF74D0}"
EndProject
Project("{9A19103F-16F7-4668-BE54-9A1E7A4F7556}") = "AIE06_MaxOfThree", "Exercises\Week 1\AIE06_MaxOfThree\AIE06_MaxOfThree.csproj", "{F321AAED-567B-44FA-A890-4D610361C669}"
EndProject
Project("{9A19103F-16F7-4668-BE54-9A1E7A4F7556}") = "AIE07_EvenOrOdd", "Exercises\Week 1\AIE07_EvenOrOdd\AIE07_EvenOrOdd.csproj", "{A5BB741E-D952-47DC-8E7B-9F02C615E8AD}"
EndProject
Project("{9A19103F-16F7-4668-BE54-9A1E7A4F7556}") = "AIE08_DayOfTheWeek", "Exercises\Week 1\AIE08_DayOfTheWeek\AIE08_DayOfTheWeek.csproj", "{37BE897F-2B1E-4498-AB26-1655CA56E964}"
EndProject
Project("{9A19103F-16F7-4668-BE54-9A1E7A4F7556}") = "AIE09_NineTimesTables", "Exercises\Week 1\AIE09_NineTimesTables\AIE09_NineTimesTables.csproj", "{9BBD9E0A-160A-4ECC-AD43-466065B80FCB}"
EndProject
Project("{9A19103F-16F7-4668-BE54-9A1E7A4F7556}") = "AIE10_AllTimesTables", "Exercises\Week 1\AIE10_AllTimesTables\AIE10_AllTimesTables.csproj", "{2A5DC308-EDEC-417C-B5CE-A46DED57105D}"
EndProject
Project("{9A19103F-16F7-4668-BE54-9A1E7A4F7556}") = "AIE11_PasswordPrompt", "Exercises\Week 1\AIE11_PasswordPrompt\AIE11_PasswordPrompt.csproj", "{5C860E88-BDA6-4001-BF3F-D9A1F05938A6}"
EndProject
Project("{9A19103F-16F7-4668-BE54-9A1E7A4F7556}") = "AIE12_CalculateCube", "Exercises\Week 1\AIE12_CalculateCube\AIE12_CalculateCube.csproj", "{D4726FF7-F5E4-49AE-AD4D-E2ECA3847746}"
EndProject
Project("{9A19103F-16F7-4668-BE54-9A1E7A4F7556}") = "AIE13_IsAVowel", "Exercises\Week 1\AIE13_IsAVowel\AIE13_IsAVowel.csproj", "{13AACC8B-32BB-4121-BA98-63CA52747355}"
EndProject
Project("{9A19103F-16F7-4668-BE54-9A1E7A4F7556}") = "AIE14_MaxOfThree", "Exercises\Week 1\AIE14_MaxOfThree\AIE14_MaxOfThree.csproj", "{8D8EC4CA-4C1F-4F6C-83FC-F9BCA7DCEB4E}"
EndProject
Project("{9A19103F-16F7-4668-BE54-9A1E7A4F7556}") = "AIE15_Calculator", "Exercises\Week 1\AIE15_Calculator\AIE15_Calculator.csproj", "{31BFF4E1-1AC8-4B7E-A651-131B7C0E9DFB}"
EndProject
Project("{9A19103F-16F7-4668-BE54-9A1E7A4F7556}") = "AIE16_PrintArrayReversed", "Exercises\Week 2\AIE16_PrintArrayReversed\AIE16_PrintArrayReversed.csproj", "{F23D657B-AFB4-4BF8-9DE0-0F3D036EB217}"
EndProject
Project("{9A19103F-16F7-4668-BE54-9A1E7A4F7556}") = "AIE17_PrintEverySecond", "Exercises\Week 2\AIE17_PrintEverySecond\AIE17_PrintEverySecond.csproj", "{542EDC87-6F62-4B31-9224-E3F48BF679BA}"
EndProject
Project("{9A19103F-16F7-4668-BE54-9A1E7A4F7556}") = "AIE18_PrintSorted", "Exercises\Week 2\AIE18_PrintSorted\AIE18_PrintSorted.csproj", "{AE736281-4F13-457A-A73C-058C40A483AC}"
EndProject
Project("{9A19103F-16F7-4668-BE54-9A1E7A4F7556}") = "AIE19_InsertWorld", "Exercises\Week 2\AIE19_InsertWorld\AIE19_InsertWorld.csproj", "{B9F0A9B8-CA27-4E54-ABFF-634C1645030C}"
EndProject
Project("{9A19103F-16F7-4668-BE54-9A1E7A4F7556}") = "AIE20_GetLengths", "Exercises\Week 2\AIE20_GetLengths\AIE20_GetLengths.csproj", "{83C9DAFD-CE40-4D46-BEFD-583D3483593C}"
EndProject
Project("{9A19103F-16F7-4668-BE54-9A1E7A4F7556}") = "AIE21_FindNeedle", "Exercises\Week 2\AIE21_FindNeedle\AIE21_FindNeedle.csproj", "{30EC7D65-C4EA-4C69-9249-717BF6AA0B59}"
EndProject
Project("{9A19103F-16F7-4668-BE54-9A1E7A4F7556}") = "AIE23_MinMax", "Exercises\Week 2\AIE23_MinMax\AIE23_MinMax.csproj", "{E0C22DB7-643C-49FD-BF53-45EC8786C83E}"
EndProject
Project("{9A19103F-16F7-4668-BE54-9A1E7A4F7556}") = "AIE22_CalculateAverage", "Exercises\Week 2\AIE22_CalculateAverage\AIE22_CalculateAverage.csproj", "{07A89C0B-A576-4DA8-8935-A50C08D4A9B6}"
EndProject
Project("{9A19103F-16F7-4668-BE54-9A1E7A4F7556}") = "AIE24_CheckArrayEquality", "Exercises\Week 2\AIE24_CheckArrayEquality\AIE24_CheckArrayEquality.csproj", "{EA93A856-32E8-4D4E-8378-3E6B414CA6E0}"
EndProject
Project("{9A19103F-16F7-4668-BE54-9A1E7A4F7556}") = "AIE25_ListFunctions", "Exercises\Week 2\AIE25_ListFunctions\AIE25_ListFunctions.csproj", "{F3FD95C4-FD37-4EFC-AB21-34814726EAC4}"
EndProject
Project("{9A19103F-16F7-4668-BE54-9A1E7A4F7556}") = "AIE26_Phonebook", "Exercises\Week 2\AIE26_Phonebook\AIE26_Phonebook.csproj", "{96ED3083-265B-42F2-BAB8-94E985F6C084}"
EndProject
Project("{9A19103F-16F7-4668-BE54-9A1E7A4F7556}") = "AIE01_Pong", "Walkthroughs\AIE01_Pong\AIE01_Pong.csproj", "{63332FBC-1246-436F-A7A7-C3291344B671}"
EndProject
Project("{9A19103F-16F7-4668-BE54-9A1E7A4F7556}") = "AIE02_Platformer", "Walkthroughs\AIE02_Platformer\AIE02_Platformer.csproj", "{A553A9AA-2A27-4C1E-AF1E-6FA269053D54}"
EndProject
Project("{9A19103F-16F7-4668-BE54-9A1E7A4F7556}") = "AIE27_ClassesExercises", "Exercises\Week 2\AIE27_ClassesExercises\AIE27_ClassesExercises.csproj", "{64747A01-681E-4AC5-ABAE-CE0E69DE78D9}"
EndProject
Project("{9A19103F-16F7-4668-BE54-9A1E7A4F7556}") = "AIE28_FeedAnimals", "Exercises\Week 3\AIE28_FeedAnimals\AIE28_FeedAnimals.csproj", "{538C8C0F-2A59-4024-8675-EE4B503D9FDC}"
EndProject
Project("{9A19103F-16F7-4668-BE54-9A1E7A4F7556}") = "AIE29_ChessBoard", "Exercises\Week 3\AIE29_ChessBoard\AIE29_ChessBoard.csproj", "{7CC8BAB2-5BEB-403C-9C6D-AA7A7E1BED96}"
EndProject
Project("{FAE04EC0-301F-11D3-BF4B-00C04F79EFBC}") = "AIE03_Asteroids", "Walkthroughs\AIE03_Asteroids\AIE03_Asteroids.csproj", "{57F18619-BCFE-4437-AE7C-0B3D7A76FBF6}"
EndProject
Global
	GlobalSection(SolutionConfigurationPlatforms) = preSolution
		Debug|Any CPU = Debug|Any CPU
		Release|Any CPU = Release|Any CPU
	EndGlobalSection
	GlobalSection(ProjectConfigurationPlatforms) = postSolution
		{1ABE186F-6C4C-4F62-B20F-333BDFB8EB8C}.Debug|Any CPU.ActiveCfg = Debug|Any CPU
		{1ABE186F-6C4C-4F62-B20F-333BDFB8EB8C}.Debug|Any CPU.Build.0 = Debug|Any CPU
		{1ABE186F-6C4C-4F62-B20F-333BDFB8EB8C}.Release|Any CPU.ActiveCfg = Release|Any CPU
		{1ABE186F-6C4C-4F62-B20F-333BDFB8EB8C}.Release|Any CPU.Build.0 = Release|Any CPU
		{C9C23F04-040C-4CA5-B4FD-03796F7E25BB}.Debug|Any CPU.ActiveCfg = Debug|Any CPU
		{C9C23F04-040C-4CA5-B4FD-03796F7E25BB}.Debug|Any CPU.Build.0 = Debug|Any CPU
		{C9C23F04-040C-4CA5-B4FD-03796F7E25BB}.Release|Any CPU.ActiveCfg = Release|Any CPU
		{C9C23F04-040C-4CA5-B4FD-03796F7E25BB}.Release|Any CPU.Build.0 = Release|Any CPU
		{BE6367E2-5850-4A71-8CE2-801BDA6B3143}.Debug|Any CPU.ActiveCfg = Debug|Any CPU
		{BE6367E2-5850-4A71-8CE2-801BDA6B3143}.Debug|Any CPU.Build.0 = Debug|Any CPU
		{BE6367E2-5850-4A71-8CE2-801BDA6B3143}.Release|Any CPU.ActiveCfg = Release|Any CPU
		{BE6367E2-5850-4A71-8CE2-801BDA6B3143}.Release|Any CPU.Build.0 = Release|Any CPU
		{4A4AB84F-F363-4346-A67F-E9FE05A2B52F}.Debug|Any CPU.ActiveCfg = Debug|Any CPU
		{4A4AB84F-F363-4346-A67F-E9FE05A2B52F}.Debug|Any CPU.Build.0 = Debug|Any CPU
		{4A4AB84F-F363-4346-A67F-E9FE05A2B52F}.Release|Any CPU.ActiveCfg = Release|Any CPU
		{4A4AB84F-F363-4346-A67F-E9FE05A2B52F}.Release|Any CPU.Build.0 = Release|Any CPU
		{17CE9BDE-93EB-45DE-A1B3-0D045A06658E}.Debug|Any CPU.ActiveCfg = Debug|Any CPU
		{17CE9BDE-93EB-45DE-A1B3-0D045A06658E}.Debug|Any CPU.Build.0 = Debug|Any CPU
		{17CE9BDE-93EB-45DE-A1B3-0D045A06658E}.Release|Any CPU.ActiveCfg = Release|Any CPU
		{17CE9BDE-93EB-45DE-A1B3-0D045A06658E}.Release|Any CPU.Build.0 = Release|Any CPU
		{2DE2C40A-CC12-4BDE-8C5A-2C59BC2DE5A5}.Debug|Any CPU.ActiveCfg = Debug|Any CPU
		{2DE2C40A-CC12-4BDE-8C5A-2C59BC2DE5A5}.Debug|Any CPU.Build.0 = Debug|Any CPU
		{2DE2C40A-CC12-4BDE-8C5A-2C59BC2DE5A5}.Release|Any CPU.ActiveCfg = Release|Any CPU
		{2DE2C40A-CC12-4BDE-8C5A-2C59BC2DE5A5}.Release|Any CPU.Build.0 = Release|Any CPU
		{9F5F775E-C95F-418E-B73B-CCEB4EE77BCA}.Debug|Any CPU.ActiveCfg = Debug|Any CPU
		{9F5F775E-C95F-418E-B73B-CCEB4EE77BCA}.Debug|Any CPU.Build.0 = Debug|Any CPU
		{9F5F775E-C95F-418E-B73B-CCEB4EE77BCA}.Release|Any CPU.ActiveCfg = Release|Any CPU
		{9F5F775E-C95F-418E-B73B-CCEB4EE77BCA}.Release|Any CPU.Build.0 = Release|Any CPU
		{B80131FF-016C-4350-B4B1-8BB15F483D88}.Debug|Any CPU.ActiveCfg = Debug|Any CPU
		{B80131FF-016C-4350-B4B1-8BB15F483D88}.Debug|Any CPU.Build.0 = Debug|Any CPU
		{B80131FF-016C-4350-B4B1-8BB15F483D88}.Release|Any CPU.ActiveCfg = Release|Any CPU
		{B80131FF-016C-4350-B4B1-8BB15F483D88}.Release|Any CPU.Build.0 = Release|Any CPU
		{F5F1F546-2238-4BA8-8E6C-F602FEDC8869}.Debug|Any CPU.ActiveCfg = Debug|Any CPU
		{F5F1F546-2238-4BA8-8E6C-F602FEDC8869}.Debug|Any CPU.Build.0 = Debug|Any CPU
		{F5F1F546-2238-4BA8-8E6C-F602FEDC8869}.Release|Any CPU.ActiveCfg = Release|Any CPU
		{F5F1F546-2238-4BA8-8E6C-F602FEDC8869}.Release|Any CPU.Build.0 = Release|Any CPU
		{899A5263-447E-4822-BB99-7E6BEAF3CA5B}.Debug|Any CPU.ActiveCfg = Debug|Any CPU
		{899A5263-447E-4822-BB99-7E6BEAF3CA5B}.Debug|Any CPU.Build.0 = Debug|Any CPU
		{899A5263-447E-4822-BB99-7E6BEAF3CA5B}.Release|Any CPU.ActiveCfg = Release|Any CPU
		{899A5263-447E-4822-BB99-7E6BEAF3CA5B}.Release|Any CPU.Build.0 = Release|Any CPU
		{8499E324-46A7-48CF-B512-E22B21DE96A1}.Debug|Any CPU.ActiveCfg = Debug|Any CPU
		{8499E324-46A7-48CF-B512-E22B21DE96A1}.Debug|Any CPU.Build.0 = Debug|Any CPU
		{8499E324-46A7-48CF-B512-E22B21DE96A1}.Release|Any CPU.ActiveCfg = Release|Any CPU
		{8499E324-46A7-48CF-B512-E22B21DE96A1}.Release|Any CPU.Build.0 = Release|Any CPU
		{6578CFBB-5158-411C-B8B8-9CBF05AD7570}.Debug|Any CPU.ActiveCfg = Debug|Any CPU
		{6578CFBB-5158-411C-B8B8-9CBF05AD7570}.Debug|Any CPU.Build.0 = Debug|Any CPU
		{6578CFBB-5158-411C-B8B8-9CBF05AD7570}.Release|Any CPU.ActiveCfg = Release|Any CPU
		{6578CFBB-5158-411C-B8B8-9CBF05AD7570}.Release|Any CPU.Build.0 = Release|Any CPU
		{49E22FCF-4A5E-4965-8556-A010842161BD}.Debug|Any CPU.ActiveCfg = Debug|Any CPU
		{49E22FCF-4A5E-4965-8556-A010842161BD}.Debug|Any CPU.Build.0 = Debug|Any CPU
		{49E22FCF-4A5E-4965-8556-A010842161BD}.Release|Any CPU.ActiveCfg = Release|Any CPU
		{49E22FCF-4A5E-4965-8556-A010842161BD}.Release|Any CPU.Build.0 = Release|Any CPU
		{F47F7C37-4846-4162-8975-ECAFB5AF74D0}.Debug|Any CPU.ActiveCfg = Debug|Any CPU
		{F47F7C37-4846-4162-8975-ECAFB5AF74D0}.Debug|Any CPU.Build.0 = Debug|Any CPU
		{F47F7C37-4846-4162-8975-ECAFB5AF74D0}.Release|Any CPU.ActiveCfg = Release|Any CPU
		{F47F7C37-4846-4162-8975-ECAFB5AF74D0}.Release|Any CPU.Build.0 = Release|Any CPU
		{F321AAED-567B-44FA-A890-4D610361C669}.Debug|Any CPU.ActiveCfg = Debug|Any CPU
		{F321AAED-567B-44FA-A890-4D610361C669}.Debug|Any CPU.Build.0 = Debug|Any CPU
		{F321AAED-567B-44FA-A890-4D610361C669}.Release|Any CPU.ActiveCfg = Release|Any CPU
		{F321AAED-567B-44FA-A890-4D610361C669}.Release|Any CPU.Build.0 = Release|Any CPU
		{A5BB741E-D952-47DC-8E7B-9F02C615E8AD}.Debug|Any CPU.ActiveCfg = Debug|Any CPU
		{A5BB741E-D952-47DC-8E7B-9F02C615E8AD}.Debug|Any CPU.Build.0 = Debug|Any CPU
		{A5BB741E-D952-47DC-8E7B-9F02C615E8AD}.Release|Any CPU.ActiveCfg = Release|Any CPU
		{A5BB741E-D952-47DC-8E7B-9F02C615E8AD}.Release|Any CPU.Build.0 = Release|Any CPU
		{37BE897F-2B1E-4498-AB26-1655CA56E964}.Debug|Any CPU.ActiveCfg = Debug|Any CPU
		{37BE897F-2B1E-4498-AB26-1655CA56E964}.Debug|Any CPU.Build.0 = Debug|Any CPU
		{37BE897F-2B1E-4498-AB26-1655CA56E964}.Release|Any CPU.ActiveCfg = Release|Any CPU
		{37BE897F-2B1E-4498-AB26-1655CA56E964}.Release|Any CPU.Build.0 = Release|Any CPU
		{9BBD9E0A-160A-4ECC-AD43-466065B80FCB}.Debug|Any CPU.ActiveCfg = Debug|Any CPU
		{9BBD9E0A-160A-4ECC-AD43-466065B80FCB}.Debug|Any CPU.Build.0 = Debug|Any CPU
		{9BBD9E0A-160A-4ECC-AD43-466065B80FCB}.Release|Any CPU.ActiveCfg = Release|Any CPU
		{9BBD9E0A-160A-4ECC-AD43-466065B80FCB}.Release|Any CPU.Build.0 = Release|Any CPU
		{2A5DC308-EDEC-417C-B5CE-A46DED57105D}.Debug|Any CPU.ActiveCfg = Debug|Any CPU
		{2A5DC308-EDEC-417C-B5CE-A46DED57105D}.Debug|Any CPU.Build.0 = Debug|Any CPU
		{2A5DC308-EDEC-417C-B5CE-A46DED57105D}.Release|Any CPU.ActiveCfg = Release|Any CPU
		{2A5DC308-EDEC-417C-B5CE-A46DED57105D}.Release|Any CPU.Build.0 = Release|Any CPU
		{5C860E88-BDA6-4001-BF3F-D9A1F05938A6}.Debug|Any CPU.ActiveCfg = Debug|Any CPU
		{5C860E88-BDA6-4001-BF3F-D9A1F05938A6}.Debug|Any CPU.Build.0 = Debug|Any CPU
		{5C860E88-BDA6-4001-BF3F-D9A1F05938A6}.Release|Any CPU.ActiveCfg = Release|Any CPU
		{5C860E88-BDA6-4001-BF3F-D9A1F05938A6}.Release|Any CPU.Build.0 = Release|Any CPU
		{D4726FF7-F5E4-49AE-AD4D-E2ECA3847746}.Debug|Any CPU.ActiveCfg = Debug|Any CPU
		{D4726FF7-F5E4-49AE-AD4D-E2ECA3847746}.Debug|Any CPU.Build.0 = Debug|Any CPU
		{D4726FF7-F5E4-49AE-AD4D-E2ECA3847746}.Release|Any CPU.ActiveCfg = Release|Any CPU
		{D4726FF7-F5E4-49AE-AD4D-E2ECA3847746}.Release|Any CPU.Build.0 = Release|Any CPU
		{13AACC8B-32BB-4121-BA98-63CA52747355}.Debug|Any CPU.ActiveCfg = Debug|Any CPU
		{13AACC8B-32BB-4121-BA98-63CA52747355}.Debug|Any CPU.Build.0 = Debug|Any CPU
		{13AACC8B-32BB-4121-BA98-63CA52747355}.Release|Any CPU.ActiveCfg = Release|Any CPU
		{13AACC8B-32BB-4121-BA98-63CA52747355}.Release|Any CPU.Build.0 = Release|Any CPU
		{8D8EC4CA-4C1F-4F6C-83FC-F9BCA7DCEB4E}.Debug|Any CPU.ActiveCfg = Debug|Any CPU
		{8D8EC4CA-4C1F-4F6C-83FC-F9BCA7DCEB4E}.Debug|Any CPU.Build.0 = Debug|Any CPU
		{8D8EC4CA-4C1F-4F6C-83FC-F9BCA7DCEB4E}.Release|Any CPU.ActiveCfg = Release|Any CPU
		{8D8EC4CA-4C1F-4F6C-83FC-F9BCA7DCEB4E}.Release|Any CPU.Build.0 = Release|Any CPU
		{31BFF4E1-1AC8-4B7E-A651-131B7C0E9DFB}.Debug|Any CPU.ActiveCfg = Debug|Any CPU
		{31BFF4E1-1AC8-4B7E-A651-131B7C0E9DFB}.Debug|Any CPU.Build.0 = Debug|Any CPU
		{31BFF4E1-1AC8-4B7E-A651-131B7C0E9DFB}.Release|Any CPU.ActiveCfg = Release|Any CPU
		{31BFF4E1-1AC8-4B7E-A651-131B7C0E9DFB}.Release|Any CPU.Build.0 = Release|Any CPU
		{F23D657B-AFB4-4BF8-9DE0-0F3D036EB217}.Debug|Any CPU.ActiveCfg = Debug|Any CPU
		{F23D657B-AFB4-4BF8-9DE0-0F3D036EB217}.Debug|Any CPU.Build.0 = Debug|Any CPU
		{F23D657B-AFB4-4BF8-9DE0-0F3D036EB217}.Release|Any CPU.ActiveCfg = Release|Any CPU
		{F23D657B-AFB4-4BF8-9DE0-0F3D036EB217}.Release|Any CPU.Build.0 = Release|Any CPU
		{542EDC87-6F62-4B31-9224-E3F48BF679BA}.Debug|Any CPU.ActiveCfg = Debug|Any CPU
		{542EDC87-6F62-4B31-9224-E3F48BF679BA}.Debug|Any CPU.Build.0 = Debug|Any CPU
		{542EDC87-6F62-4B31-9224-E3F48BF679BA}.Release|Any CPU.ActiveCfg = Release|Any CPU
		{542EDC87-6F62-4B31-9224-E3F48BF679BA}.Release|Any CPU.Build.0 = Release|Any CPU
		{AE736281-4F13-457A-A73C-058C40A483AC}.Debug|Any CPU.ActiveCfg = Debug|Any CPU
		{AE736281-4F13-457A-A73C-058C40A483AC}.Debug|Any CPU.Build.0 = Debug|Any CPU
		{AE736281-4F13-457A-A73C-058C40A483AC}.Release|Any CPU.ActiveCfg = Release|Any CPU
		{AE736281-4F13-457A-A73C-058C40A483AC}.Release|Any CPU.Build.0 = Release|Any CPU
		{B9F0A9B8-CA27-4E54-ABFF-634C1645030C}.Debug|Any CPU.ActiveCfg = Debug|Any CPU
		{B9F0A9B8-CA27-4E54-ABFF-634C1645030C}.Debug|Any CPU.Build.0 = Debug|Any CPU
		{B9F0A9B8-CA27-4E54-ABFF-634C1645030C}.Release|Any CPU.ActiveCfg = Release|Any CPU
		{B9F0A9B8-CA27-4E54-ABFF-634C1645030C}.Release|Any CPU.Build.0 = Release|Any CPU
		{83C9DAFD-CE40-4D46-BEFD-583D3483593C}.Debug|Any CPU.ActiveCfg = Debug|Any CPU
		{83C9DAFD-CE40-4D46-BEFD-583D3483593C}.Debug|Any CPU.Build.0 = Debug|Any CPU
		{83C9DAFD-CE40-4D46-BEFD-583D3483593C}.Release|Any CPU.ActiveCfg = Release|Any CPU
		{83C9DAFD-CE40-4D46-BEFD-583D3483593C}.Release|Any CPU.Build.0 = Release|Any CPU
		{30EC7D65-C4EA-4C69-9249-717BF6AA0B59}.Debug|Any CPU.ActiveCfg = Debug|Any CPU
		{30EC7D65-C4EA-4C69-9249-717BF6AA0B59}.Debug|Any CPU.Build.0 = Debug|Any CPU
		{30EC7D65-C4EA-4C69-9249-717BF6AA0B59}.Release|Any CPU.ActiveCfg = Release|Any CPU
		{30EC7D65-C4EA-4C69-9249-717BF6AA0B59}.Release|Any CPU.Build.0 = Release|Any CPU
		{E0C22DB7-643C-49FD-BF53-45EC8786C83E}.Debug|Any CPU.ActiveCfg = Debug|Any CPU
		{E0C22DB7-643C-49FD-BF53-45EC8786C83E}.Debug|Any CPU.Build.0 = Debug|Any CPU
		{E0C22DB7-643C-49FD-BF53-45EC8786C83E}.Release|Any CPU.ActiveCfg = Release|Any CPU
		{E0C22DB7-643C-49FD-BF53-45EC8786C83E}.Release|Any CPU.Build.0 = Release|Any CPU
		{07A89C0B-A576-4DA8-8935-A50C08D4A9B6}.Debug|Any CPU.ActiveCfg = Debug|Any CPU
		{07A89C0B-A576-4DA8-8935-A50C08D4A9B6}.Debug|Any CPU.Build.0 = Debug|Any CPU
		{07A89C0B-A576-4DA8-8935-A50C08D4A9B6}.Release|Any CPU.ActiveCfg = Release|Any CPU
		{07A89C0B-A576-4DA8-8935-A50C08D4A9B6}.Release|Any CPU.Build.0 = Release|Any CPU
		{EA93A856-32E8-4D4E-8378-3E6B414CA6E0}.Debug|Any CPU.ActiveCfg = Debug|Any CPU
		{EA93A856-32E8-4D4E-8378-3E6B414CA6E0}.Debug|Any CPU.Build.0 = Debug|Any CPU
		{EA93A856-32E8-4D4E-8378-3E6B414CA6E0}.Release|Any CPU.ActiveCfg = Release|Any CPU
		{EA93A856-32E8-4D4E-8378-3E6B414CA6E0}.Release|Any CPU.Build.0 = Release|Any CPU
		{F3FD95C4-FD37-4EFC-AB21-34814726EAC4}.Debug|Any CPU.ActiveCfg = Debug|Any CPU
		{F3FD95C4-FD37-4EFC-AB21-34814726EAC4}.Debug|Any CPU.Build.0 = Debug|Any CPU
		{F3FD95C4-FD37-4EFC-AB21-34814726EAC4}.Release|Any CPU.ActiveCfg = Release|Any CPU
		{F3FD95C4-FD37-4EFC-AB21-34814726EAC4}.Release|Any CPU.Build.0 = Release|Any CPU
		{96ED3083-265B-42F2-BAB8-94E985F6C084}.Debug|Any CPU.ActiveCfg = Debug|Any CPU
		{96ED3083-265B-42F2-BAB8-94E985F6C084}.Debug|Any CPU.Build.0 = Debug|Any CPU
		{96ED3083-265B-42F2-BAB8-94E985F6C084}.Release|Any CPU.ActiveCfg = Release|Any CPU
		{96ED3083-265B-42F2-BAB8-94E985F6C084}.Release|Any CPU.Build.0 = Release|Any CPU
		{63332FBC-1246-436F-A7A7-C3291344B671}.Debug|Any CPU.ActiveCfg = Debug|Any CPU
		{63332FBC-1246-436F-A7A7-C3291344B671}.Debug|Any CPU.Build.0 = Debug|Any CPU
		{63332FBC-1246-436F-A7A7-C3291344B671}.Release|Any CPU.ActiveCfg = Release|Any CPU
		{63332FBC-1246-436F-A7A7-C3291344B671}.Release|Any CPU.Build.0 = Release|Any CPU
		{A553A9AA-2A27-4C1E-AF1E-6FA269053D54}.Debug|Any CPU.ActiveCfg = Debug|Any CPU
		{A553A9AA-2A27-4C1E-AF1E-6FA269053D54}.Debug|Any CPU.Build.0 = Debug|Any CPU
		{A553A9AA-2A27-4C1E-AF1E-6FA269053D54}.Release|Any CPU.ActiveCfg = Release|Any CPU
		{A553A9AA-2A27-4C1E-AF1E-6FA269053D54}.Release|Any CPU.Build.0 = Release|Any CPU
		{64747A01-681E-4AC5-ABAE-CE0E69DE78D9}.Debug|Any CPU.ActiveCfg = Debug|Any CPU
		{64747A01-681E-4AC5-ABAE-CE0E69DE78D9}.Debug|Any CPU.Build.0 = Debug|Any CPU
		{64747A01-681E-4AC5-ABAE-CE0E69DE78D9}.Release|Any CPU.ActiveCfg = Release|Any CPU
		{64747A01-681E-4AC5-ABAE-CE0E69DE78D9}.Release|Any CPU.Build.0 = Release|Any CPU
		{538C8C0F-2A59-4024-8675-EE4B503D9FDC}.Debug|Any CPU.ActiveCfg = Debug|Any CPU
		{538C8C0F-2A59-4024-8675-EE4B503D9FDC}.Debug|Any CPU.Build.0 = Debug|Any CPU
		{538C8C0F-2A59-4024-8675-EE4B503D9FDC}.Release|Any CPU.ActiveCfg = Release|Any CPU
		{538C8C0F-2A59-4024-8675-EE4B503D9FDC}.Release|Any CPU.Build.0 = Release|Any CPU
		{7CC8BAB2-5BEB-403C-9C6D-AA7A7E1BED96}.Debug|Any CPU.ActiveCfg = Debug|Any CPU
		{7CC8BAB2-5BEB-403C-9C6D-AA7A7E1BED96}.Debug|Any CPU.Build.0 = Debug|Any CPU
		{7CC8BAB2-5BEB-403C-9C6D-AA7A7E1BED96}.Release|Any CPU.ActiveCfg = Release|Any CPU
		{7CC8BAB2-5BEB-403C-9C6D-AA7A7E1BED96}.Release|Any CPU.Build.0 = Release|Any CPU
		{57F18619-BCFE-4437-AE7C-0B3D7A76FBF6}.Debug|Any CPU.ActiveCfg = Debug|Any CPU
		{57F18619-BCFE-4437-AE7C-0B3D7A76FBF6}.Debug|Any CPU.Build.0 = Debug|Any CPU
		{57F18619-BCFE-4437-AE7C-0B3D7A76FBF6}.Release|Any CPU.ActiveCfg = Release|Any CPU
		{57F18619-BCFE-4437-AE7C-0B3D7A76FBF6}.Release|Any CPU.Build.0 = Release|Any CPU
	EndGlobalSection
	GlobalSection(SolutionProperties) = preSolution
		HideSolutionNode = FALSE
	EndGlobalSection
	GlobalSection(NestedProjects) = preSolution
		{1ABE186F-6C4C-4F62-B20F-333BDFB8EB8C} = {84CDB5A0-D5FF-45D1-8C3B-C3695696CDC2}
		{D8D204FE-EA87-4A56-9707-F46BF2456F47} = {60708161-F1DA-47D6-946E-9E4F5D42F890}
		{F0CF1B20-8AEA-49B7-A684-76FC9583E381} = {60708161-F1DA-47D6-946E-9E4F5D42F890}
		{FC3D862A-FB6B-4EAF-9C27-FDFD27870BFB} = {60708161-F1DA-47D6-946E-9E4F5D42F890}
		{C0E7D2B8-BFBA-4CD5-B7D6-A2FEA6891F98} = {60708161-F1DA-47D6-946E-9E4F5D42F890}
		{C9C23F04-040C-4CA5-B4FD-03796F7E25BB} = {D8D204FE-EA87-4A56-9707-F46BF2456F47}
		{BE6367E2-5850-4A71-8CE2-801BDA6B3143} = {D8D204FE-EA87-4A56-9707-F46BF2456F47}
		{4A4AB84F-F363-4346-A67F-E9FE05A2B52F} = {D8D204FE-EA87-4A56-9707-F46BF2456F47}
		{17CE9BDE-93EB-45DE-A1B3-0D045A06658E} = {F0CF1B20-8AEA-49B7-A684-76FC9583E381}
		{2DE2C40A-CC12-4BDE-8C5A-2C59BC2DE5A5} = {F0CF1B20-8AEA-49B7-A684-76FC9583E381}
		{9F5F775E-C95F-418E-B73B-CCEB4EE77BCA} = {FC3D862A-FB6B-4EAF-9C27-FDFD27870BFB}
		{B80131FF-016C-4350-B4B1-8BB15F483D88} = {C0E7D2B8-BFBA-4CD5-B7D6-A2FEA6891F98}
		{8033C951-6E7C-4513-B6CE-E2271788027A} = {48D60D27-4E8E-4356-879D-C1E06215441B}
		{FDEEFBF7-7753-4BB3-B76A-BEBDB3FC2E64} = {48D60D27-4E8E-4356-879D-C1E06215441B}
		{DFA7DC5D-4149-4078-BC28-44B2503D84A3} = {48D60D27-4E8E-4356-879D-C1E06215441B}
		{94A63FCE-99D0-48F2-B20E-35E820D62DAD} = {48D60D27-4E8E-4356-879D-C1E06215441B}
		{F5F1F546-2238-4BA8-8E6C-F602FEDC8869} = {C0E7D2B8-BFBA-4CD5-B7D6-A2FEA6891F98}
		{899A5263-447E-4822-BB99-7E6BEAF3CA5B} = {8033C951-6E7C-4513-B6CE-E2271788027A}
		{8499E324-46A7-48CF-B512-E22B21DE96A1} = {8033C951-6E7C-4513-B6CE-E2271788027A}
		{6578CFBB-5158-411C-B8B8-9CBF05AD7570} = {8033C951-6E7C-4513-B6CE-E2271788027A}
		{49E22FCF-4A5E-4965-8556-A010842161BD} = {8033C951-6E7C-4513-B6CE-E2271788027A}
		{F47F7C37-4846-4162-8975-ECAFB5AF74D0} = {8033C951-6E7C-4513-B6CE-E2271788027A}
		{F321AAED-567B-44FA-A890-4D610361C669} = {8033C951-6E7C-4513-B6CE-E2271788027A}
		{A5BB741E-D952-47DC-8E7B-9F02C615E8AD} = {8033C951-6E7C-4513-B6CE-E2271788027A}
		{37BE897F-2B1E-4498-AB26-1655CA56E964} = {8033C951-6E7C-4513-B6CE-E2271788027A}
		{9BBD9E0A-160A-4ECC-AD43-466065B80FCB} = {8033C951-6E7C-4513-B6CE-E2271788027A}
		{2A5DC308-EDEC-417C-B5CE-A46DED57105D} = {8033C951-6E7C-4513-B6CE-E2271788027A}
		{5C860E88-BDA6-4001-BF3F-D9A1F05938A6} = {8033C951-6E7C-4513-B6CE-E2271788027A}
		{D4726FF7-F5E4-49AE-AD4D-E2ECA3847746} = {8033C951-6E7C-4513-B6CE-E2271788027A}
		{13AACC8B-32BB-4121-BA98-63CA52747355} = {8033C951-6E7C-4513-B6CE-E2271788027A}
		{8D8EC4CA-4C1F-4F6C-83FC-F9BCA7DCEB4E} = {8033C951-6E7C-4513-B6CE-E2271788027A}
		{31BFF4E1-1AC8-4B7E-A651-131B7C0E9DFB} = {8033C951-6E7C-4513-B6CE-E2271788027A}
		{F23D657B-AFB4-4BF8-9DE0-0F3D036EB217} = {FDEEFBF7-7753-4BB3-B76A-BEBDB3FC2E64}
		{542EDC87-6F62-4B31-9224-E3F48BF679BA} = {FDEEFBF7-7753-4BB3-B76A-BEBDB3FC2E64}
		{AE736281-4F13-457A-A73C-058C40A483AC} = {FDEEFBF7-7753-4BB3-B76A-BEBDB3FC2E64}
		{B9F0A9B8-CA27-4E54-ABFF-634C1645030C} = {FDEEFBF7-7753-4BB3-B76A-BEBDB3FC2E64}
		{83C9DAFD-CE40-4D46-BEFD-583D3483593C} = {FDEEFBF7-7753-4BB3-B76A-BEBDB3FC2E64}
		{30EC7D65-C4EA-4C69-9249-717BF6AA0B59} = {FDEEFBF7-7753-4BB3-B76A-BEBDB3FC2E64}
		{E0C22DB7-643C-49FD-BF53-45EC8786C83E} = {FDEEFBF7-7753-4BB3-B76A-BEBDB3FC2E64}
		{07A89C0B-A576-4DA8-8935-A50C08D4A9B6} = {FDEEFBF7-7753-4BB3-B76A-BEBDB3FC2E64}
		{EA93A856-32E8-4D4E-8378-3E6B414CA6E0} = {FDEEFBF7-7753-4BB3-B76A-BEBDB3FC2E64}
		{F3FD95C4-FD37-4EFC-AB21-34814726EAC4} = {FDEEFBF7-7753-4BB3-B76A-BEBDB3FC2E64}
		{96ED3083-265B-42F2-BAB8-94E985F6C084} = {FDEEFBF7-7753-4BB3-B76A-BEBDB3FC2E64}
		{63332FBC-1246-436F-A7A7-C3291344B671} = {84CDB5A0-D5FF-45D1-8C3B-C3695696CDC2}
		{A553A9AA-2A27-4C1E-AF1E-6FA269053D54} = {84CDB5A0-D5FF-45D1-8C3B-C3695696CDC2}
		{64747A01-681E-4AC5-ABAE-CE0E69DE78D9} = {FDEEFBF7-7753-4BB3-B76A-BEBDB3FC2E64}
		{538C8C0F-2A59-4024-8675-EE4B503D9FDC} = {DFA7DC5D-4149-4078-BC28-44B2503D84A3}
		{7CC8BAB2-5BEB-403C-9C6D-AA7A7E1BED96} = {DFA7DC5D-4149-4078-BC28-44B2503D84A3}
		{57F18619-BCFE-4437-AE7C-0B3D7A76FBF6} = {84CDB5A0-D5FF-45D1-8C3B-C3695696CDC2}
	EndGlobalSection
	GlobalSection(ExtensibilityGlobals) = postSolution
		SolutionGuid = {59D3BE27-777D-4580-A89B-35B4CBDC4AE0}
	EndGlobalSection
EndGlobal
